{
  "originHash" : "a2c7628c3528f95e8adef5674db92a5728ec59a25397b99db085827fbc26cf63",
  "pins" : [
    {
      "identity" : "kingfisher",
      "kind" : "remoteSourceControl",
      "location" : "https://github.com/onevcat/Kingfisher",
      "state" : {
        "revision" : "7deda23bbdca612076c5c315003d8638a08ed0f1",
        "version" : "8.3.2"
      }
    },
    {
      "identity" : "realm-core",
      "kind" : "remoteSourceControl",
      "location" : "https://github.com/realm/realm-core.git",
      "state" : {
        "revision" : "cccb3ca9e26ec452a29f2f0d4050d1e38b8a3d43",
        "version" : "14.14.0"
      }
    },
    {
      "identity" : "realm-swift",
      "kind" : "remoteSourceControl",
      "location" : "https://github.com/realm/realm-swift",
      "state" : {
        "branch" : "master",
        "revision" : "712c52af6ae1aaca9aec83f1a14f4e5d48e3a24c"
      }
    }
  ],
  "version" : 3
}
