// !$*UTF8*$!
{
	archiveVersion = 1;
	classes = {
	};
	objectVersion = 77;
	objects = {

/* Begin PBXBuildFile section */
		63F35F482DB1781500287378 /* RealmSwift in Frameworks */ = {isa = PBXBuildFile; productRef = 63F35F472DB1781500287378 /* RealmSwift */; };
		63F35F492DB1781500287378 /* RealmSwift in Embed Frameworks */ = {isa = PBXBuildFile; productRef = 63F35F472DB1781500287378 /* RealmSwift */; settings = {ATTRIBUTES = (CodeSignOnCopy, ); }; };
		63F35F522DB17CD100287378 /* Kingfisher in Frameworks */ = {isa = PBXBuildFile; productRef = 63F35F512DB17CD100287378 /* Kingfisher */; };
/* End PBXBuildFile section */

/* Begin PBXContainerItemProxy section */
		63F35F152DB173B500287378 /* PBXContainerItemProxy */ = {
			isa = PBXContainerItemProxy;
			containerPortal = 63F35EFE2DB173B300287378 /* Project object */;
			proxyType = 1;
			remoteGlobalIDString = 63F35F052DB173B300287378;
			remoteInfo = Spach;
		};
		63F35F1F2DB173B500287378 /* PBXContainerItemProxy */ = {
			isa = PBXContainerItemProxy;
			containerPortal = 63F35EFE2DB173B300287378 /* Project object */;
			proxyType = 1;
			remoteGlobalIDString = 63F35F052DB173B300287378;
			remoteInfo = Spach;
		};
		63F35FA02DB7BA2800287378 /* PBXContainerItemProxy */ = {
			isa = PBXContainerItemProxy;
			containerPortal = 63F35EFE2DB173B300287378 /* Project object */;
			proxyType = 1;
			remoteGlobalIDString = 63F35F922DB7BA2500287378;
			remoteInfo = SpachApp;
		};
		63F35FAA2DB7BA2800287378 /* PBXContainerItemProxy */ = {
			isa = PBXContainerItemProxy;
			containerPortal = 63F35EFE2DB173B300287378 /* Project object */;
			proxyType = 1;
			remoteGlobalIDString = 63F35F922DB7BA2500287378;
			remoteInfo = SpachApp;
		};
/* End PBXContainerItemProxy section */

/* Begin PBXCopyFilesBuildPhase section */
		63F35F4A2DB1781600287378 /* Embed Frameworks */ = {
			isa = PBXCopyFilesBuildPhase;
			buildActionMask = 2147483647;
			dstPath = "";
			dstSubfolderSpec = 10;
			files = (
				63F35F492DB1781500287378 /* RealmSwift in Embed Frameworks */,
			);
			name = "Embed Frameworks";
			runOnlyForDeploymentPostprocessing = 0;
		};
/* End PBXCopyFilesBuildPhase section */

/* Begin PBXFileReference section */
		63F35F062DB173B300287378 /* Spach.app */ = {isa = PBXFileReference; explicitFileType = wrapper.application; includeInIndex = 0; path = Spach.app; sourceTree = BUILT_PRODUCTS_DIR; };
		63F35F142DB173B500287378 /* SpachTests.xctest */ = {isa = PBXFileReference; explicitFileType = wrapper.cfbundle; includeInIndex = 0; path = SpachTests.xctest; sourceTree = BUILT_PRODUCTS_DIR; };
		63F35F1E2DB173B500287378 /* SpachUITests.xctest */ = {isa = PBXFileReference; explicitFileType = wrapper.cfbundle; includeInIndex = 0; path = SpachUITests.xctest; sourceTree = BUILT_PRODUCTS_DIR; };
		63F35F932DB7BA2500287378 /* SpachApp.app */ = {isa = PBXFileReference; explicitFileType = wrapper.application; includeInIndex = 0; path = SpachApp.app; sourceTree = BUILT_PRODUCTS_DIR; };
		63F35F9F2DB7BA2800287378 /* SpachAppTests.xctest */ = {isa = PBXFileReference; explicitFileType = wrapper.cfbundle; includeInIndex = 0; path = SpachAppTests.xctest; sourceTree = BUILT_PRODUCTS_DIR; };
		63F35FA92DB7BA2800287378 /* SpachAppUITests.xctest */ = {isa = PBXFileReference; explicitFileType = wrapper.cfbundle; includeInIndex = 0; path = SpachAppUITests.xctest; sourceTree = BUILT_PRODUCTS_DIR; };
/* End PBXFileReference section */

/* Begin PBXFileSystemSynchronizedRootGroup section */
		63F35F172DB173B500287378 /* SpachTests */ = {
			isa = PBXFileSystemSynchronizedRootGroup;
			path = SpachTests;
			sourceTree = "<group>";
		};
		63F35F212DB173B500287378 /* SpachUITests */ = {
			isa = PBXFileSystemSynchronizedRootGroup;
			path = SpachUITests;
			sourceTree = "<group>";
		};
		63F360552DB7C3D000287378 /* Spach */ = {
			isa = PBXFileSystemSynchronizedRootGroup;
			path = Spach;
			sourceTree = "<group>";
		};
/* End PBXFileSystemSynchronizedRootGroup section */

/* Begin PBXFrameworksBuildPhase section */
		63F35F032DB173B300287378 /* Frameworks */ = {
			isa = PBXFrameworksBuildPhase;
			buildActionMask = 2147483647;
			files = (
				63F35F522DB17CD100287378 /* Kingfisher in Frameworks */,
				63F35F482DB1781500287378 /* RealmSwift in Frameworks */,
			);
			runOnlyForDeploymentPostprocessing = 0;
		};
		63F35F112DB173B500287378 /* Frameworks */ = {
			isa = PBXFrameworksBuildPhase;
			buildActionMask = 2147483647;
			files = (
			);
			runOnlyForDeploymentPostprocessing = 0;
		};
		63F35F1B2DB173B500287378 /* Frameworks */ = {
			isa = PBXFrameworksBuildPhase;
			buildActionMask = 2147483647;
			files = (
			);
			runOnlyForDeploymentPostprocessing = 0;
		};
		63F35F902DB7BA2500287378 /* Frameworks */ = {
			isa = PBXFrameworksBuildPhase;
			buildActionMask = 2147483647;
			files = (
			);
			runOnlyForDeploymentPostprocessing = 0;
		};
		63F35F9C2DB7BA2800287378 /* Frameworks */ = {
			isa = PBXFrameworksBuildPhase;
			buildActionMask = 2147483647;
			files = (
			);
			runOnlyForDeploymentPostprocessing = 0;
		};
		63F35FA62DB7BA2800287378 /* Frameworks */ = {
			isa = PBXFrameworksBuildPhase;
			buildActionMask = 2147483647;
			files = (
			);
			runOnlyForDeploymentPostprocessing = 0;
		};
/* End PBXFrameworksBuildPhase section */

/* Begin PBXGroup section */
		63F35EFD2DB173B300287378 = {
			isa = PBXGroup;
			children = (
				63F360552DB7C3D000287378 /* Spach */,
				63F35F172DB173B500287378 /* SpachTests */,
				63F35F212DB173B500287378 /* SpachUITests */,
				63F35F462DB1781200287378 /* Frameworks */,
				63F35F072DB173B300287378 /* Products */,
			);
			sourceTree = "<group>";
		};
		63F35F072DB173B300287378 /* Products */ = {
			isa = PBXGroup;
			children = (
				63F35F062DB173B300287378 /* Spach.app */,
				63F35F142DB173B500287378 /* SpachTests.xctest */,
				63F35F1E2DB173B500287378 /* SpachUITests.xctest */,
				63F35F932DB7BA2500287378 /* SpachApp.app */,
				63F35F9F2DB7BA2800287378 /* SpachAppTests.xctest */,
				63F35FA92DB7BA2800287378 /* SpachAppUITests.xctest */,
			);
			name = Products;
			sourceTree = "<group>";
		};
		63F35F462DB1781200287378 /* Frameworks */ = {
			isa = PBXGroup;
			children = (
			);
			name = Frameworks;
			sourceTree = "<group>";
		};
/* End PBXGroup section */

/* Begin PBXNativeTarget section */
		63F35F052DB173B300287378 /* Spach */ = {
			isa = PBXNativeTarget;
			buildConfigurationList = 63F35F282DB173B500287378 /* Build configuration list for PBXNativeTarget "Spach" */;
			buildPhases = (
				63F35F022DB173B300287378 /* Sources */,
				63F35F032DB173B300287378 /* Frameworks */,
				63F35F042DB173B300287378 /* Resources */,
				63F35F4A2DB1781600287378 /* Embed Frameworks */,
			);
			buildRules = (
			);
			dependencies = (
			);
			fileSystemSynchronizedGroups = (
				63F360552DB7C3D000287378 /* Spach */,
			);
			name = Spach;
			packageProductDependencies = (
				63F35F472DB1781500287378 /* RealmSwift */,
				63F35F512DB17CD100287378 /* Kingfisher */,
			);
			productName = Spach;
			productReference = 63F35F062DB173B300287378 /* Spach.app */;
			productType = "com.apple.product-type.application";
		};
		63F35F132DB173B500287378 /* SpachTests */ = {
			isa = PBXNativeTarget;
			buildConfigurationList = 63F35F2B2DB173B500287378 /* Build configuration list for PBXNativeTarget "SpachTests" */;
			buildPhases = (
				63F35F102DB173B500287378 /* Sources */,
				63F35F112DB173B500287378 /* Frameworks */,
				63F35F122DB173B500287378 /* Resources */,
			);
			buildRules = (
			);
			dependencies = (
				63F35F162DB173B500287378 /* PBXTargetDependency */,
			);
			fileSystemSynchronizedGroups = (
				63F35F172DB173B500287378 /* SpachTests */,
			);
			name = SpachTests;
			packageProductDependencies = (
			);
			productName = SpachTests;
			productReference = 63F35F142DB173B500287378 /* SpachTests.xctest */;
			productType = "com.apple.product-type.bundle.unit-test";
		};
		63F35F1D2DB173B500287378 /* SpachUITests */ = {
			isa = PBXNativeTarget;
			buildConfigurationList = 63F35F2E2DB173B500287378 /* Build configuration list for PBXNativeTarget "SpachUITests" */;
			buildPhases = (
				63F35F1A2DB173B500287378 /* Sources */,
				63F35F1B2DB173B500287378 /* Frameworks */,
				63F35F1C2DB173B500287378 /* Resources */,
			);
			buildRules = (
			);
			dependencies = (
				63F35F202DB173B500287378 /* PBXTargetDependency */,
			);
			fileSystemSynchronizedGroups = (
				63F35F212DB173B500287378 /* SpachUITests */,
			);
			name = SpachUITests;
			packageProductDependencies = (
			);
			productName = SpachUITests;
			productReference = 63F35F1E2DB173B500287378 /* SpachUITests.xctest */;
			productType = "com.apple.product-type.bundle.ui-testing";
		};
		63F35F922DB7BA2500287378 /* SpachApp */ = {
			isa = PBXNativeTarget;
			buildConfigurationList = 63F35FB12DB7BA2800287378 /* Build configuration list for PBXNativeTarget "SpachApp" */;
			buildPhases = (
				63F35F8F2DB7BA2500287378 /* Sources */,
				63F35F902DB7BA2500287378 /* Frameworks */,
				63F35F912DB7BA2500287378 /* Resources */,
			);
			buildRules = (
			);
			dependencies = (
			);
			name = SpachApp;
			packageProductDependencies = (
			);
			productName = SpachApp;
			productReference = 63F35F932DB7BA2500287378 /* SpachApp.app */;
			productType = "com.apple.product-type.application";
		};
		63F35F9E2DB7BA2800287378 /* SpachAppTests */ = {
			isa = PBXNativeTarget;
			buildConfigurationList = 63F35FB42DB7BA2800287378 /* Build configuration list for PBXNativeTarget "SpachAppTests" */;
			buildPhases = (
				63F35F9B2DB7BA2800287378 /* Sources */,
				63F35F9C2DB7BA2800287378 /* Frameworks */,
				63F35F9D2DB7BA2800287378 /* Resources */,
			);
			buildRules = (
			);
			dependencies = (
				63F35FA12DB7BA2800287378 /* PBXTargetDependency */,
			);
			name = SpachAppTests;
			packageProductDependencies = (
			);
			productName = SpachAppTests;
			productReference = 63F35F9F2DB7BA2800287378 /* SpachAppTests.xctest */;
			productType = "com.apple.product-type.bundle.unit-test";
		};
		63F35FA82DB7BA2800287378 /* SpachAppUITests */ = {
			isa = PBXNativeTarget;
			buildConfigurationList = 63F35FB72DB7BA2800287378 /* Build configuration list for PBXNativeTarget "SpachAppUITests" */;
			buildPhases = (
				63F35FA52DB7BA2800287378 /* Sources */,
				63F35FA62DB7BA2800287378 /* Frameworks */,
				63F35FA72DB7BA2800287378 /* Resources */,
			);
			buildRules = (
			);
			dependencies = (
				63F35FAB2DB7BA2800287378 /* PBXTargetDependency */,
			);
			name = SpachAppUITests;
			packageProductDependencies = (
			);
			productName = SpachAppUITests;
			productReference = 63F35FA92DB7BA2800287378 /* SpachAppUITests.xctest */;
			productType = "com.apple.product-type.bundle.ui-testing";
		};
/* End PBXNativeTarget section */

/* Begin PBXProject section */
		63F35EFE2DB173B300287378 /* Project object */ = {
			isa = PBXProject;
			attributes = {
				BuildIndependentTargetsInParallel = 1;
				LastSwiftUpdateCheck = 1630;
				LastUpgradeCheck = 1630;
				TargetAttributes = {
					63F35F052DB173B300287378 = {
						CreatedOnToolsVersion = 16.3;
					};
					63F35F132DB173B500287378 = {
						CreatedOnToolsVersion = 16.3;
						TestTargetID = 63F35F052DB173B300287378;
					};
					63F35F1D2DB173B500287378 = {
						CreatedOnToolsVersion = 16.3;
						TestTargetID = 63F35F052DB173B300287378;
					};
					63F35F922DB7BA2500287378 = {
						CreatedOnToolsVersion = 16.3;
					};
					63F35F9E2DB7BA2800287378 = {
						CreatedOnToolsVersion = 16.3;
						TestTargetID = 63F35F922DB7BA2500287378;
					};
					63F35FA82DB7BA2800287378 = {
						CreatedOnToolsVersion = 16.3;
						TestTargetID = 63F35F922DB7BA2500287378;
					};
				};
			};
			buildConfigurationList = 63F35F012DB173B300287378 /* Build configuration list for PBXProject "Spach" */;
			developmentRegion = en;
			hasScannedForEncodings = 0;
			knownRegions = (
				en,
				Base,
			);
			mainGroup = 63F35EFD2DB173B300287378;
			minimizedProjectReferenceProxies = 1;
			packageReferences = (
				63F35F362DB1762100287378 /* XCRemoteSwiftPackageReference "realm-swift" */,
				63F35F372DB1766300287378 /* XCRemoteSwiftPackageReference "Kingfisher" */,
			);
			preferredProjectObjectVersion = 77;
			productRefGroup = 63F35F072DB173B300287378 /* Products */;
			projectDirPath = "";
			projectRoot = "";
			targets = (
				63F35F052DB173B300287378 /* Spach */,
				63F35F132DB173B500287378 /* SpachTests */,
				63F35F1D2DB173B500287378 /* SpachUITests */,
				63F35F922DB7BA2500287378 /* SpachApp */,
				63F35F9E2DB7BA2800287378 /* SpachAppTests */,
				63F35FA82DB7BA2800287378 /* SpachAppUITests */,
			);
		};
/* End PBXProject section */

/* Begin PBXResourcesBuildPhase section */
		63F35F042DB173B300287378 /* Resources */ = {
			isa = PBXResourcesBuildPhase;
			buildActionMask = 2147483647;
			files = (
			);
			runOnlyForDeploymentPostprocessing = 0;
		};
		63F35F122DB173B500287378 /* Resources */ = {
			isa = PBXResourcesBuildPhase;
			buildActionMask = 2147483647;
			files = (
			);
			runOnlyForDeploymentPostprocessing = 0;
		};
		63F35F1C2DB173B500287378 /* Resources */ = {
			isa = PBXResourcesBuildPhase;
			buildActionMask = 2147483647;
			files = (
			);
			runOnlyForDeploymentPostprocessing = 0;
		};
		63F35F912DB7BA2500287378 /* Resources */ = {
			isa = PBXResourcesBuildPhase;
			buildActionMask = 2147483647;
			files = (
			);
			runOnlyForDeploymentPostprocessing = 0;
		};
		63F35F9D2DB7BA2800287378 /* Resources */ = {
			isa = PBXResourcesBuildPhase;
			buildActionMask = 2147483647;
			files = (
			);
			runOnlyForDeploymentPostprocessing = 0;
		};
		63F35FA72DB7BA2800287378 /* Resources */ = {
			isa = PBXResourcesBuildPhase;
			buildActionMask = 2147483647;
			files = (
			);
			runOnlyForDeploymentPostprocessing = 0;
		};
/* End PBXResourcesBuildPhase section */

/* Begin PBXSourcesBuildPhase section */
		63F35F022DB173B300287378 /* Sources */ = {
			isa = PBXSourcesBuildPhase;
			buildActionMask = 2147483647;
			files = (
			);
			runOnlyForDeploymentPostprocessing = 0;
		};
		63F35F102DB173B500287378 /* Sources */ = {
			isa = PBXSourcesBuildPhase;
			buildActionMask = 2147483647;
			files = (
			);
			runOnlyForDeploymentPostprocessing = 0;
		};
		63F35F1A2DB173B500287378 /* Sources */ = {
			isa = PBXSourcesBuildPhase;
			buildActionMask = 2147483647;
			files = (
			);
			runOnlyForDeploymentPostprocessing = 0;
		};
		63F35F8F2DB7BA2500287378 /* Sources */ = {
			isa = PBXSourcesBuildPhase;
			buildActionMask = 2147483647;
			files = (
			);
			runOnlyForDeploymentPostprocessing = 0;
		};
		63F35F9B2DB7BA2800287378 /* Sources */ = {
			isa = PBXSourcesBuildPhase;
			buildActionMask = 2147483647;
			files = (
			);
			runOnlyForDeploymentPostprocessing = 0;
		};
		63F35FA52DB7BA2800287378 /* Sources */ = {
			isa = PBXSourcesBuildPhase;
			buildActionMask = 2147483647;
			files = (
			);
			runOnlyForDeploymentPostprocessing = 0;
		};
/* End PBXSourcesBuildPhase section */

/* Begin PBXTargetDependency section */
		63F35F162DB173B500287378 /* PBXTargetDependency */ = {
			isa = PBXTargetDependency;
			target = 63F35F052DB173B300287378 /* Spach */;
			targetProxy = 63F35F152DB173B500287378 /* PBXContainerItemProxy */;
		};
		63F35F202DB173B500287378 /* PBXTargetDependency */ = {
			isa = PBXTargetDependency;
			target = 63F35F052DB173B300287378 /* Spach */;
			targetProxy = 63F35F1F2DB173B500287378 /* PBXContainerItemProxy */;
		};
		63F35FA12DB7BA2800287378 /* PBXTargetDependency */ = {
			isa = PBXTargetDependency;
			target = 63F35F922DB7BA2500287378 /* SpachApp */;
			targetProxy = 63F35FA02DB7BA2800287378 /* PBXContainerItemProxy */;
		};
		63F35FAB2DB7BA2800287378 /* PBXTargetDependency */ = {
			isa = PBXTargetDependency;
			target = 63F35F922DB7BA2500287378 /* SpachApp */;
			targetProxy = 63F35FAA2DB7BA2800287378 /* PBXContainerItemProxy */;
		};
/* End PBXTargetDependency section */

/* Begin XCBuildConfiguration section */
		63F35F262DB173B500287378 /* Debug */ = {
			isa = XCBuildConfiguration;
			buildSettings = {
				ALWAYS_SEARCH_USER_PATHS = NO;
				ASSETCATALOG_COMPILER_GENERATE_SWIFT_ASSET_SYMBOL_EXTENSIONS = YES;
				CLANG_ANALYZER_NONNULL = YES;
				CLANG_ANALYZER_NUMBER_OBJECT_CONVERSION = YES_AGGRESSIVE;
				CLANG_CXX_LANGUAGE_STANDARD = "gnu++20";
				CLANG_ENABLE_MODULES = YES;
				CLANG_ENABLE_OBJC_ARC = YES;
				CLANG_ENABLE_OBJC_WEAK = YES;
				CLANG_WARN_BLOCK_CAPTURE_AUTORELEASING = YES;
				CLANG_WARN_BOOL_CONVERSION = YES;
				CLANG_WARN_COMMA = YES;
				CLANG_WARN_CONSTANT_CONVERSION = YES;
				CLANG_WARN_DEPRECATED_OBJC_IMPLEMENTATIONS = YES;
				CLANG_WARN_DIRECT_OBJC_ISA_USAGE = YES_ERROR;
				CLANG_WARN_DOCUMENTATION_COMMENTS = YES;
				CLANG_WARN_EMPTY_BODY = YES;
				CLANG_WARN_ENUM_CONVERSION = YES;
				CLANG_WARN_INFINITE_RECURSION = YES;
				CLANG_WARN_INT_CONVERSION = YES;
				CLANG_WARN_NON_LITERAL_NULL_CONVERSION = YES;
				CLANG_WARN_OBJC_IMPLICIT_RETAIN_SELF = YES;
				CLANG_WARN_OBJC_LITERAL_CONVERSION = YES;
				CLANG_WARN_OBJC_ROOT_CLASS = YES_ERROR;
				CLANG_WARN_QUOTED_INCLUDE_IN_FRAMEWORK_HEADER = YES;
				CLANG_WARN_RANGE_LOOP_ANALYSIS = YES;
				CLANG_WARN_STRICT_PROTOTYPES = YES;
				CLANG_WARN_SUSPICIOUS_MOVE = YES;
				CLANG_WARN_UNGUARDED_AVAILABILITY = YES_AGGRESSIVE;
				CLANG_WARN_UNREACHABLE_CODE = YES;
				CLANG_WARN__DUPLICATE_METHOD_MATCH = YES;
				COPY_PHASE_STRIP = NO;
				DEBUG_INFORMATION_FORMAT = dwarf;
				ENABLE_STRICT_OBJC_MSGSEND = YES;
				ENABLE_TESTABILITY = YES;
				ENABLE_USER_SCRIPT_SANDBOXING = YES;
				GCC_C_LANGUAGE_STANDARD = gnu17;
				GCC_DYNAMIC_NO_PIC = NO;
				GCC_NO_COMMON_BLOCKS = YES;
				GCC_OPTIMIZATION_LEVEL = 0;
				GCC_PREPROCESSOR_DEFINITIONS = (
					"DEBUG=1",
					"$(inherited)",
				);
				GCC_WARN_64_TO_32_BIT_CONVERSION = YES;
				GCC_WARN_ABOUT_RETURN_TYPE = YES_ERROR;
				GCC_WARN_UNDECLARED_SELECTOR = YES;
				GCC_WARN_UNINITIALIZED_AUTOS = YES_AGGRESSIVE;
				GCC_WARN_UNUSED_FUNCTION = YES;
				GCC_WARN_UNUSED_VARIABLE = YES;
				LOCALIZATION_PREFERS_STRING_CATALOGS = YES;
				MTL_ENABLE_DEBUG_INFO = INCLUDE_SOURCE;
				MTL_FAST_MATH = YES;
				ONLY_ACTIVE_ARCH = YES;
				SWIFT_ACTIVE_COMPILATION_CONDITIONS = "DEBUG $(inherited)";
				SWIFT_OPTIMIZATION_LEVEL = "-Onone";
			};
			name = Debug;
		};
		63F35F272DB173B500287378 /* Release */ = {
			isa = XCBuildConfiguration;
			buildSettings = {
				ALWAYS_SEARCH_USER_PATHS = NO;
				ASSETCATALOG_COMPILER_GENERATE_SWIFT_ASSET_SYMBOL_EXTENSIONS = YES;
				CLANG_ANALYZER_NONNULL = YES;
				CLANG_ANALYZER_NUMBER_OBJECT_CONVERSION = YES_AGGRESSIVE;
				CLANG_CXX_LANGUAGE_STANDARD = "gnu++20";
				CLANG_ENABLE_MODULES = YES;
				CLANG_ENABLE_OBJC_ARC = YES;
				CLANG_ENABLE_OBJC_WEAK = YES;
				CLANG_WARN_BLOCK_CAPTURE_AUTORELEASING = YES;
				CLANG_WARN_BOOL_CONVERSION = YES;
				CLANG_WARN_COMMA = YES;
				CLANG_WARN_CONSTANT_CONVERSION = YES;
				CLANG_WARN_DEPRECATED_OBJC_IMPLEMENTATIONS = YES;
				CLANG_WARN_DIRECT_OBJC_ISA_USAGE = YES_ERROR;
				CLANG_WARN_DOCUMENTATION_COMMENTS = YES;
				CLANG_WARN_EMPTY_BODY = YES;
				CLANG_WARN_ENUM_CONVERSION = YES;
				CLANG_WARN_INFINITE_RECURSION = YES;
				CLANG_WARN_INT_CONVERSION = YES;
				CLANG_WARN_NON_LITERAL_NULL_CONVERSION = YES;
				CLANG_WARN_OBJC_IMPLICIT_RETAIN_SELF = YES;
				CLANG_WARN_OBJC_LITERAL_CONVERSION = YES;
				CLANG_WARN_OBJC_ROOT_CLASS = YES_ERROR;
				CLANG_WARN_QUOTED_INCLUDE_IN_FRAMEWORK_HEADER = YES;
				CLANG_WARN_RANGE_LOOP_ANALYSIS = YES;
				CLANG_WARN_STRICT_PROTOTYPES = YES;
				CLANG_WARN_SUSPICIOUS_MOVE = YES;
				CLANG_WARN_UNGUARDED_AVAILABILITY = YES_AGGRESSIVE;
				CLANG_WARN_UNREACHABLE_CODE = YES;
				CLANG_WARN__DUPLICATE_METHOD_MATCH = YES;
				COPY_PHASE_STRIP = NO;
				DEBUG_INFORMATION_FORMAT = "dwarf-with-dsym";
				ENABLE_NS_ASSERTIONS = NO;
				ENABLE_STRICT_OBJC_MSGSEND = YES;
				ENABLE_USER_SCRIPT_SANDBOXING = YES;
				GCC_C_LANGUAGE_STANDARD = gnu17;
				GCC_NO_COMMON_BLOCKS = YES;
				GCC_WARN_64_TO_32_BIT_CONVERSION = YES;
				GCC_WARN_ABOUT_RETURN_TYPE = YES_ERROR;
				GCC_WARN_UNDECLARED_SELECTOR = YES;
				GCC_WARN_UNINITIALIZED_AUTOS = YES_AGGRESSIVE;
				GCC_WARN_UNUSED_FUNCTION = YES;
				GCC_WARN_UNUSED_VARIABLE = YES;
				LOCALIZATION_PREFERS_STRING_CATALOGS = YES;
				MTL_ENABLE_DEBUG_INFO = NO;
				MTL_FAST_MATH = YES;
				SWIFT_COMPILATION_MODE = wholemodule;
			};
			name = Release;
		};
		63F35F292DB173B500287378 /* Debug */ = {
			isa = XCBuildConfiguration;
			buildSettings = {
				ASSETCATALOG_COMPILER_APPICON_NAME = AppIcon;
				ASSETCATALOG_COMPILER_GLOBAL_ACCENT_COLOR_NAME = AccentColor;
				CODE_SIGN_ENTITLEMENTS = Spach/Spach.entitlements;
				CODE_SIGN_STYLE = Automatic;
				CURRENT_PROJECT_VERSION = 1;
				ENABLE_PREVIEWS = YES;
				GENERATE_INFOPLIST_FILE = YES;
				"INFOPLIST_KEY_UIApplicationSceneManifest_Generation[sdk=iphoneos*]" = YES;
				"INFOPLIST_KEY_UIApplicationSceneManifest_Generation[sdk=iphonesimulator*]" = YES;
				"INFOPLIST_KEY_UIApplicationSupportsIndirectInputEvents[sdk=iphoneos*]" = YES;
				"INFOPLIST_KEY_UIApplicationSupportsIndirectInputEvents[sdk=iphonesimulator*]" = YES;
				"INFOPLIST_KEY_UILaunchScreen_Generation[sdk=iphoneos*]" = YES;
				"INFOPLIST_KEY_UILaunchScreen_Generation[sdk=iphonesimulator*]" = YES;
				"INFOPLIST_KEY_UIStatusBarStyle[sdk=iphoneos*]" = UIStatusBarStyleDefault;
				"INFOPLIST_KEY_UIStatusBarStyle[sdk=iphonesimulator*]" = UIStatusBarStyleDefault;
				INFOPLIST_KEY_UISupportedInterfaceOrientations_iPad = "UIInterfaceOrientationPortrait UIInterfaceOrientationPortraitUpsideDown UIInterfaceOrientationLandscapeLeft UIInterfaceOrientationLandscapeRight";
				INFOPLIST_KEY_UISupportedInterfaceOrientations_iPhone = "UIInterfaceOrientationPortrait UIInterfaceOrientationLandscapeLeft UIInterfaceOrientationLandscapeRight";
				IPHONEOS_DEPLOYMENT_TARGET = 18.4;
				LD_RUNPATH_SEARCH_PATHS = "@executable_path/Frameworks";
				"LD_RUNPATH_SEARCH_PATHS[sdk=macosx*]" = "@executable_path/../Frameworks";
				MACOSX_DEPLOYMENT_TARGET = 15.4;
				MARKETING_VERSION = 1.0;
				PRODUCT_BUNDLE_IDENTIFIER = com.new.Spach;
				PRODUCT_NAME = "$(TARGET_NAME)";
				REGISTER_APP_GROUPS = YES;
				SDKROOT = auto;
				SUPPORTED_PLATFORMS = "iphoneos iphonesimulator macosx xros xrsimulator";
				SWIFT_EMIT_LOC_STRINGS = YES;
				SWIFT_VERSION = 5.0;
				TARGETED_DEVICE_FAMILY = "1,2,7";
				XROS_DEPLOYMENT_TARGET = 2.4;
			};
			name = Debug;
		};
		63F35F2A2DB173B500287378 /* Release */ = {
			isa = XCBuildConfiguration;
			buildSettings = {
				ASSETCATALOG_COMPILER_APPICON_NAME = AppIcon;
				ASSETCATALOG_COMPILER_GLOBAL_ACCENT_COLOR_NAME = AccentColor;
				CODE_SIGN_ENTITLEMENTS = Spach/Spach.entitlements;
				CODE_SIGN_STYLE = Automatic;
				CURRENT_PROJECT_VERSION = 1;
				ENABLE_PREVIEWS = YES;
				GENERATE_INFOPLIST_FILE = YES;
				"INFOPLIST_KEY_UIApplicationSceneManifest_Generation[sdk=iphoneos*]" = YES;
				"INFOPLIST_KEY_UIApplicationSceneManifest_Generation[sdk=iphonesimulator*]" = YES;
				"INFOPLIST_KEY_UIApplicationSupportsIndirectInputEvents[sdk=iphoneos*]" = YES;
				"INFOPLIST_KEY_UIApplicationSupportsIndirectInputEvents[sdk=iphonesimulator*]" = YES;
				"INFOPLIST_KEY_UILaunchScreen_Generation[sdk=iphoneos*]" = YES;
				"INFOPLIST_KEY_UILaunchScreen_Generation[sdk=iphonesimulator*]" = YES;
				"INFOPLIST_KEY_UIStatusBarStyle[sdk=iphoneos*]" = UIStatusBarStyleDefault;
				"INFOPLIST_KEY_UIStatusBarStyle[sdk=iphonesimulator*]" = UIStatusBarStyleDefault;
				INFOPLIST_KEY_UISupportedInterfaceOrientations_iPad = "UIInterfaceOrientationPortrait UIInterfaceOrientationPortraitUpsideDown UIInterfaceOrientationLandscapeLeft UIInterfaceOrientationLandscapeRight";
				INFOPLIST_KEY_UISupportedInterfaceOrientations_iPhone = "UIInterfaceOrientationPortrait UIInterfaceOrientationLandscapeLeft UIInterfaceOrientationLandscapeRight";
				IPHONEOS_DEPLOYMENT_TARGET = 18.4;
				LD_RUNPATH_SEARCH_PATHS = "@executable_path/Frameworks";
				"LD_RUNPATH_SEARCH_PATHS[sdk=macosx*]" = "@executable_path/../Frameworks";
				MACOSX_DEPLOYMENT_TARGET = 15.4;
				MARKETING_VERSION = 1.0;
				PRODUCT_BUNDLE_IDENTIFIER = com.new.Spach;
				PRODUCT_NAME = "$(TARGET_NAME)";
				REGISTER_APP_GROUPS = YES;
				SDKROOT = auto;
				SUPPORTED_PLATFORMS = "iphoneos iphonesimulator macosx xros xrsimulator";
				SWIFT_EMIT_LOC_STRINGS = YES;
				SWIFT_VERSION = 5.0;
				TARGETED_DEVICE_FAMILY = "1,2,7";
				XROS_DEPLOYMENT_TARGET = 2.4;
			};
			name = Release;
		};
		63F35F2C2DB173B500287378 /* Debug */ = {
			isa = XCBuildConfiguration;
			buildSettings = {
				BUNDLE_LOADER = "$(TEST_HOST)";
				CODE_SIGN_STYLE = Automatic;
				CURRENT_PROJECT_VERSION = 1;
				GENERATE_INFOPLIST_FILE = YES;
				IPHONEOS_DEPLOYMENT_TARGET = 18.4;
				MACOSX_DEPLOYMENT_TARGET = 15.4;
				MARKETING_VERSION = 1.0;
				PRODUCT_BUNDLE_IDENTIFIER = com.new.SpachTests;
				PRODUCT_NAME = "$(TARGET_NAME)";
				SDKROOT = auto;
				SUPPORTED_PLATFORMS = "iphoneos iphonesimulator macosx xros xrsimulator";
				SWIFT_EMIT_LOC_STRINGS = NO;
				SWIFT_VERSION = 5.0;
				TARGETED_DEVICE_FAMILY = "1,2,7";
				TEST_HOST = "$(BUILT_PRODUCTS_DIR)/Spach.app/$(BUNDLE_EXECUTABLE_FOLDER_PATH)/Spach";
				XROS_DEPLOYMENT_TARGET = 2.4;
			};
			name = Debug;
		};
		63F35F2D2DB173B500287378 /* Release */ = {
			isa = XCBuildConfiguration;
			buildSettings = {
				BUNDLE_LOADER = "$(TEST_HOST)";
				CODE_SIGN_STYLE = Automatic;
				CURRENT_PROJECT_VERSION = 1;
				GENERATE_INFOPLIST_FILE = YES;
				IPHONEOS_DEPLOYMENT_TARGET = 18.4;
				MACOSX_DEPLOYMENT_TARGET = 15.4;
				MARKETING_VERSION = 1.0;
				PRODUCT_BUNDLE_IDENTIFIER = com.new.SpachTests;
				PRODUCT_NAME = "$(TARGET_NAME)";
				SDKROOT = auto;
				SUPPORTED_PLATFORMS = "iphoneos iphonesimulator macosx xros xrsimulator";
				SWIFT_EMIT_LOC_STRINGS = NO;
				SWIFT_VERSION = 5.0;
				TARGETED_DEVICE_FAMILY = "1,2,7";
				TEST_HOST = "$(BUILT_PRODUCTS_DIR)/Spach.app/$(BUNDLE_EXECUTABLE_FOLDER_PATH)/Spach";
				XROS_DEPLOYMENT_TARGET = 2.4;
			};
			name = Release;
		};
		63F35F2F2DB173B500287378 /* Debug */ = {
			isa = XCBuildConfiguration;
			buildSettings = {
				CODE_SIGN_STYLE = Automatic;
				CURRENT_PROJECT_VERSION = 1;
				GENERATE_INFOPLIST_FILE = YES;
				IPHONEOS_DEPLOYMENT_TARGET = 18.4;
				MACOSX_DEPLOYMENT_TARGET = 15.4;
				MARKETING_VERSION = 1.0;
				PRODUCT_BUNDLE_IDENTIFIER = com.new.SpachUITests;
				PRODUCT_NAME = "$(TARGET_NAME)";
				SDKROOT = auto;
				SUPPORTED_PLATFORMS = "iphoneos iphonesimulator macosx xros xrsimulator";
				SWIFT_EMIT_LOC_STRINGS = NO;
				SWIFT_VERSION = 5.0;
				TARGETED_DEVICE_FAMILY = "1,2,7";
				TEST_TARGET_NAME = Spach;
				XROS_DEPLOYMENT_TARGET = 2.4;
			};
			name = Debug;
		};
		63F35F302DB173B500287378 /* Release */ = {
			isa = XCBuildConfiguration;
			buildSettings = {
				CODE_SIGN_STYLE = Automatic;
				CURRENT_PROJECT_VERSION = 1;
				GENERATE_INFOPLIST_FILE = YES;
				IPHONEOS_DEPLOYMENT_TARGET = 18.4;
				MACOSX_DEPLOYMENT_TARGET = 15.4;
				MARKETING_VERSION = 1.0;
				PRODUCT_BUNDLE_IDENTIFIER = com.new.SpachUITests;
				PRODUCT_NAME = "$(TARGET_NAME)";
				SDKROOT = auto;
				SUPPORTED_PLATFORMS = "iphoneos iphonesimulator macosx xros xrsimulator";
				SWIFT_EMIT_LOC_STRINGS = NO;
				SWIFT_VERSION = 5.0;
				TARGETED_DEVICE_FAMILY = "1,2,7";
				TEST_TARGET_NAME = Spach;
				XROS_DEPLOYMENT_TARGET = 2.4;
			};
			name = Release;
		};
		63F35FB22DB7BA2800287378 /* Debug */ = {
			isa = XCBuildConfiguration;
			buildSettings = {
				ASSETCATALOG_COMPILER_APPICON_NAME = AppIcon;
				ASSETCATALOG_COMPILER_GLOBAL_ACCENT_COLOR_NAME = AccentColor;
				CODE_SIGN_STYLE = Automatic;
				CURRENT_PROJECT_VERSION = 1;
				ENABLE_PREVIEWS = YES;
				GENERATE_INFOPLIST_FILE = YES;
				INFOPLIST_KEY_UIApplicationSceneManifest_Generation = YES;
				INFOPLIST_KEY_UIApplicationSupportsIndirectInputEvents = YES;
				INFOPLIST_KEY_UILaunchScreen_Generation = YES;
				INFOPLIST_KEY_UISupportedInterfaceOrientations_iPad = "UIInterfaceOrientationPortrait UIInterfaceOrientationPortraitUpsideDown UIInterfaceOrientationLandscapeLeft UIInterfaceOrientationLandscapeRight";
				INFOPLIST_KEY_UISupportedInterfaceOrientations_iPhone = "UIInterfaceOrientationPortrait UIInterfaceOrientationLandscapeLeft UIInterfaceOrientationLandscapeRight";
				IPHONEOS_DEPLOYMENT_TARGET = 18.4;
				LD_RUNPATH_SEARCH_PATHS = (
					"$(inherited)",
					"@executable_path/Frameworks",
				);
				MARKETING_VERSION = 1.0;
				PRODUCT_BUNDLE_IDENTIFIER = com.new.SpachApp;
				PRODUCT_NAME = "$(TARGET_NAME)";
				SDKROOT = iphoneos;
				SWIFT_EMIT_LOC_STRINGS = YES;
				SWIFT_VERSION = 5.0;
				TARGETED_DEVICE_FAMILY = "1,2";
			};
			name = Debug;
		};
		63F35FB32DB7BA2800287378 /* Release */ = {
			isa = XCBuildConfiguration;
			buildSettings = {
				ASSETCATALOG_COMPILER_APPICON_NAME = AppIcon;
				ASSETCATALOG_COMPILER_GLOBAL_ACCENT_COLOR_NAME = AccentColor;
				CODE_SIGN_STYLE = Automatic;
				CURRENT_PROJECT_VERSION = 1;
				ENABLE_PREVIEWS = YES;
				GENERATE_INFOPLIST_FILE = YES;
				INFOPLIST_KEY_UIApplicationSceneManifest_Generation = YES;
				INFOPLIST_KEY_UIApplicationSupportsIndirectInputEvents = YES;
				INFOPLIST_KEY_UILaunchScreen_Generation = YES;
				INFOPLIST_KEY_UISupportedInterfaceOrientations_iPad = "UIInterfaceOrientationPortrait UIInterfaceOrientationPortraitUpsideDown UIInterfaceOrientationLandscapeLeft UIInterfaceOrientationLandscapeRight";
				INFOPLIST_KEY_UISupportedInterfaceOrientations_iPhone = "UIInterfaceOrientationPortrait UIInterfaceOrientationLandscapeLeft UIInterfaceOrientationLandscapeRight";
				IPHONEOS_DEPLOYMENT_TARGET = 18.4;
				LD_RUNPATH_SEARCH_PATHS = (
					"$(inherited)",
					"@executable_path/Frameworks",
				);
				MARKETING_VERSION = 1.0;
				PRODUCT_BUNDLE_IDENTIFIER = com.new.SpachApp;
				PRODUCT_NAME = "$(TARGET_NAME)";
				SDKROOT = iphoneos;
				SWIFT_EMIT_LOC_STRINGS = YES;
				SWIFT_VERSION = 5.0;
				TARGETED_DEVICE_FAMILY = "1,2";
				VALIDATE_PRODUCT = YES;
			};
			name = Release;
		};
		63F35FB52DB7BA2800287378 /* Debug */ = {
			isa = XCBuildConfiguration;
			buildSettings = {
				BUNDLE_LOADER = "$(TEST_HOST)";
				CODE_SIGN_STYLE = Automatic;
				CURRENT_PROJECT_VERSION = 1;
				GENERATE_INFOPLIST_FILE = YES;
				IPHONEOS_DEPLOYMENT_TARGET = 18.4;
				MARKETING_VERSION = 1.0;
				PRODUCT_BUNDLE_IDENTIFIER = com.new.SpachAppTests;
				PRODUCT_NAME = "$(TARGET_NAME)";
				SDKROOT = iphoneos;
				SWIFT_EMIT_LOC_STRINGS = NO;
				SWIFT_VERSION = 5.0;
				TARGETED_DEVICE_FAMILY = "1,2";
				TEST_HOST = "$(BUILT_PRODUCTS_DIR)/SpachApp.app/$(BUNDLE_EXECUTABLE_FOLDER_PATH)/SpachApp";
			};
			name = Debug;
		};
		63F35FB62DB7BA2800287378 /* Release */ = {
			isa = XCBuildConfiguration;
			buildSettings = {
				BUNDLE_LOADER = "$(TEST_HOST)";
				CODE_SIGN_STYLE = Automatic;
				CURRENT_PROJECT_VERSION = 1;
				GENERATE_INFOPLIST_FILE = YES;
				IPHONEOS_DEPLOYMENT_TARGET = 18.4;
				MARKETING_VERSION = 1.0;
				PRODUCT_BUNDLE_IDENTIFIER = com.new.SpachAppTests;
				PRODUCT_NAME = "$(TARGET_NAME)";
				SDKROOT = iphoneos;
				SWIFT_EMIT_LOC_STRINGS = NO;
				SWIFT_VERSION = 5.0;
				TARGETED_DEVICE_FAMILY = "1,2";
				TEST_HOST = "$(BUILT_PRODUCTS_DIR)/SpachApp.app/$(BUNDLE_EXECUTABLE_FOLDER_PATH)/SpachApp";
				VALIDATE_PRODUCT = YES;
			};
			name = Release;
		};
		63F35FB82DB7BA2800287378 /* Debug */ = {
			isa = XCBuildConfiguration;
			buildSettings = {
				CODE_SIGN_STYLE = Automatic;
				CURRENT_PROJECT_VERSION = 1;
				GENERATE_INFOPLIST_FILE = YES;
				IPHONEOS_DEPLOYMENT_TARGET = 18.4;
				MARKETING_VERSION = 1.0;
				PRODUCT_BUNDLE_IDENTIFIER = com.new.SpachAppUITests;
				PRODUCT_NAME = "$(TARGET_NAME)";
				SDKROOT = iphoneos;
				SWIFT_EMIT_LOC_STRINGS = NO;
				SWIFT_VERSION = 5.0;
				TARGETED_DEVICE_FAMILY = "1,2";
				TEST_TARGET_NAME = SpachApp;
			};
			name = Debug;
		};
		63F35FB92DB7BA2800287378 /* Release */ = {
			isa = XCBuildConfiguration;
			buildSettings = {
				CODE_SIGN_STYLE = Automatic;
				CURRENT_PROJECT_VERSION = 1;
				GENERATE_INFOPLIST_FILE = YES;
				IPHONEOS_DEPLOYMENT_TARGET = 18.4;
				MARKETING_VERSION = 1.0;
				PRODUCT_BUNDLE_IDENTIFIER = com.new.SpachAppUITests;
				PRODUCT_NAME = "$(TARGET_NAME)";
				SDKROOT = iphoneos;
				SWIFT_EMIT_LOC_STRINGS = NO;
				SWIFT_VERSION = 5.0;
				TARGETED_DEVICE_FAMILY = "1,2";
				TEST_TARGET_NAME = SpachApp;
				VALIDATE_PRODUCT = YES;
			};
			name = Release;
		};
/* End XCBuildConfiguration section */

/* Begin XCConfigurationList section */
		63F35F012DB173B300287378 /* Build configuration list for PBXProject "Spach" */ = {
			isa = XCConfigurationList;
			buildConfigurations = (
				63F35F262DB173B500287378 /* Debug */,
				63F35F272DB173B500287378 /* Release */,
			);
			defaultConfigurationIsVisible = 0;
			defaultConfigurationName = Release;
		};
		63F35F282DB173B500287378 /* Build configuration list for PBXNativeTarget "Spach" */ = {
			isa = XCConfigurationList;
			buildConfigurations = (
				63F35F292DB173B500287378 /* Debug */,
				63F35F2A2DB173B500287378 /* Release */,
			);
			defaultConfigurationIsVisible = 0;
			defaultConfigurationName = Release;
		};
		63F35F2B2DB173B500287378 /* Build configuration list for PBXNativeTarget "SpachTests" */ = {
			isa = XCConfigurationList;
			buildConfigurations = (
				63F35F2C2DB173B500287378 /* Debug */,
				63F35F2D2DB173B500287378 /* Release */,
			);
			defaultConfigurationIsVisible = 0;
			defaultConfigurationName = Release;
		};
		63F35F2E2DB173B500287378 /* Build configuration list for PBXNativeTarget "SpachUITests" */ = {
			isa = XCConfigurationList;
			buildConfigurations = (
				63F35F2F2DB173B500287378 /* Debug */,
				63F35F302DB173B500287378 /* Release */,
			);
			defaultConfigurationIsVisible = 0;
			defaultConfigurationName = Release;
		};
		63F35FB12DB7BA2800287378 /* Build configuration list for PBXNativeTarget "SpachApp" */ = {
			isa = XCConfigurationList;
			buildConfigurations = (
				63F35FB22DB7BA2800287378 /* Debug */,
				63F35FB32DB7BA2800287378 /* Release */,
			);
			defaultConfigurationIsVisible = 0;
			defaultConfigurationName = Release;
		};
		63F35FB42DB7BA2800287378 /* Build configuration list for PBXNativeTarget "SpachAppTests" */ = {
			isa = XCConfigurationList;
			buildConfigurations = (
				63F35FB52DB7BA2800287378 /* Debug */,
				63F35FB62DB7BA2800287378 /* Release */,
			);
			defaultConfigurationIsVisible = 0;
			defaultConfigurationName = Release;
		};
		63F35FB72DB7BA2800287378 /* Build configuration list for PBXNativeTarget "SpachAppUITests" */ = {
			isa = XCConfigurationList;
			buildConfigurations = (
				63F35FB82DB7BA2800287378 /* Debug */,
				63F35FB92DB7BA2800287378 /* Release */,
			);
			defaultConfigurationIsVisible = 0;
			defaultConfigurationName = Release;
		};
/* End XCConfigurationList section */

/* Begin XCRemoteSwiftPackageReference section */
		63F35F362DB1762100287378 /* XCRemoteSwiftPackageReference "realm-swift" */ = {
			isa = XCRemoteSwiftPackageReference;
			repositoryURL = "https://github.com/realm/realm-swift";
			requirement = {
				branch = master;
				kind = branch;
			};
		};
		63F35F372DB1766300287378 /* XCRemoteSwiftPackageReference "Kingfisher" */ = {
			isa = XCRemoteSwiftPackageReference;
			repositoryURL = "https://github.com/onevcat/Kingfisher";
			requirement = {
				kind = upToNextMajorVersion;
				minimumVersion = 8.3.2;
			};
		};
/* End XCRemoteSwiftPackageReference section */

/* Begin XCSwiftPackageProductDependency section */
		63F35F472DB1781500287378 /* RealmSwift */ = {
			isa = XCSwiftPackageProductDependency;
			package = 63F35F362DB1762100287378 /* XCRemoteSwiftPackageReference "realm-swift" */;
			productName = RealmSwift;
		};
		63F35F512DB17CD100287378 /* Kingfisher */ = {
			isa = XCSwiftPackageProductDependency;
			package = 63F35F372DB1766300287378 /* XCRemoteSwiftPackageReference "Kingfisher" */;
			productName = Kingfisher;
		};
/* End XCSwiftPackageProductDependency section */
	};
	rootObject = 63F35EFE2DB173B300287378 /* Project object */;
}
